Microsoft Visual Studio Solution File, Format Version 12.00
# Visual Studio Version 16
VisualStudioVersion = 16.0.31729.503
MinimumVisualStudioVersion = 10.0.40219.1
Project("{FAE04EC0-301F-11D3-BF4B-00C04F79EFBC}") = "Practices.PostgreSQL", "src\Practices.PostgreSQL\Practices.PostgreSQL.csproj", "{247D7A92-DD5B-403E-9539-C1DDD8706342}"
EndProject
Project("{FAE04EC0-301F-11D3-BF4B-00C04F79EFBC}") = "Practices.GraphQL", "src\Practices.GraphQL\Practices.GraphQL.csproj", "{A210F212-D317-4BA3-A9B8-73E8838423C1}"
EndProject
Project("{FAE04EC0-301F-11D3-BF4B-00C04F79EFBC}") = "Practices.FluentMigration", "src\Practices.FluentMigration\Practices.FluentMigration.csproj", "{6EA938EF-2770-4A6C-B57A-3BDCCE8ABE18}"
EndProject
Global
	GlobalSection(SolutionConfigurationPlatforms) = preSolution
		Debug|Any CPU = Debug|Any CPU
		Release|Any CPU = Release|Any CPU
	EndGlobalSection
	GlobalSection(ProjectConfigurationPlatforms) = postSolution
		{247D7A92-DD5B-403E-9539-C1DDD8706342}.Debug|Any CPU.ActiveCfg = Debug|Any CPU
		{247D7A92-DD5B-403E-9539-C1DDD8706342}.Debug|Any CPU.Build.0 = Debug|Any CPU
		{247D7A92-DD5B-403E-9539-C1DDD8706342}.Release|Any CPU.ActiveCfg = Release|Any CPU
		{247D7A92-DD5B-403E-9539-C1DDD8706342}.Release|Any CPU.Build.0 = Release|Any CPU
		{A210F212-D317-4BA3-A9B8-73E8838423C1}.Debug|Any CPU.ActiveCfg = Debug|Any CPU
		{A210F212-D317-4BA3-A9B8-73E8838423C1}.Debug|Any CPU.Build.0 = Debug|Any CPU
		{A210F212-D317-4BA3-A9B8-73E8838423C1}.Release|Any CPU.ActiveCfg = Release|Any CPU
		{A210F212-D317-4BA3-A9B8-73E8838423C1}.Release|Any CPU.Build.0 = Release|Any CPU
		{6EA938EF-2770-4A6C-B57A-3BDCCE8ABE18}.Debug|Any CPU.ActiveCfg = Debug|Any CPU
		{6EA938EF-2770-4A6C-B57A-3BDCCE8ABE18}.Debug|Any CPU.Build.0 = Debug|Any CPU
		{6EA938EF-2770-4A6C-B57A-3BDCCE8ABE18}.Release|Any CPU.ActiveCfg = Release|Any CPU
		{6EA938EF-2770-4A6C-B57A-3BDCCE8ABE18}.Release|Any CPU.Build.0 = Release|Any CPU
	EndGlobalSection
	GlobalSection(SolutionProperties) = preSolution
		HideSolutionNode = FALSE
	EndGlobalSection
	GlobalSection(ExtensibilityGlobals) = postSolution
		SolutionGuid = {C42D0E20-D335-4B87-B207-A63A83D6FE8D}
	EndGlobalSection
EndGlobal
