Microsoft Visual Studio Solution File, Format Version 12.00
# Visual Studio Version 16
VisualStudioVersion = 16.0.31729.503
MinimumVisualStudioVersion = 10.0.40219.1
Project("{FAE04EC0-301F-11D3-BF4B-00C04F79EFBC}") = "Practices.PostgreSQL", "src\Practices.PostgreSQL\Practices.PostgreSQL.csproj", "{247D7A92-DD5B-403E-9539-C1DDD8706342}"
EndProject
Project("{FAE04EC0-301F-11D3-BF4B-00C04F79EFBC}") = "Practices.GraphQL", "src\Practices.GraphQL\Practices.GraphQL.csproj", "{A210F212-D317-4BA3-A9B8-73E8838423C1}"
EndProject
Project("{FAE04EC0-301F-11D3-BF4B-00C04F79EFBC}") = "Practices.FluentMigration", "src\Practices.FluentMigration\Practices.FluentMigration.csproj", "{6EA938EF-2770-4A6C-B57A-3BDCCE8ABE18}"
EndProject
Project("{2150E333-8FDC-42A3-9474-1A3956D46DE8}") = "src", "src", "{E6A12FA0-DBD6-4925-AF2D-B03C5159F63A}"
EndProject
Project("{2150E333-8FDC-42A3-9474-1A3956D46DE8}") = "Practices.gRPC", "Practices.gRPC", "{F5C5F6C4-A279-4B6A-BB82-D110B391E32A}"
EndProject
Project("{FAE04EC0-301F-11D3-BF4B-00C04F79EFBC}") = "Practices.ML.Net.Predictor", "src\Practices.ML.Net\Practices.ML.Net.Predictor\Practices.ML.Net.Predictor.csproj", "{30030C88-02A3-4445-92B6-3142EB4BB052}"
EndProject
Project("{FAE04EC0-301F-11D3-BF4B-00C04F79EFBC}") = "Practices.ML.Net.Repository", "src\Practices.ML.Net\Practices.ML.Net.Repository\Practices.ML.Net.Repository.csproj", "{7CA2374F-C11D-4008-985E-B5386D385D92}"
EndProject
Project("{FAE04EC0-301F-11D3-BF4B-00C04F79EFBC}") = "Practices.ML.Net.Scraper", "src\Practices.ML.Net\Practices.ML.Net.Scraper\Practices.ML.Net.Scraper.csproj", "{2907E8F0-800C-4FC3-B794-6CB775A28552}"
EndProject
Project("{FAE04EC0-301F-11D3-BF4B-00C04F79EFBC}") = "Practices.ML.Net.Executor", "src\Practices.ML.Net\Practices.ML.Net.Executor\Practices.ML.Net.Executor.csproj", "{E731578C-9BF0-4710-9A4B-981B8C6923B6}"
EndProject
Project("{FAE04EC0-301F-11D3-BF4B-00C04F79EFBC}") = "Practices.ML.Net.Abstractions", "src\Practices.ML.Net\Practices.ML.Net.Abstractions\Practices.ML.Net.Abstractions.csproj", "{689B6B61-7F7E-4723-858F-76D8580A382D}"
EndProject
Project("{FAE04EC0-301F-11D3-BF4B-00C04F79EFBC}") = "Practices.gRPC.Server", "src\Practices.gRPC\Practices.gRPC.Server\Practices.gRPC.Server.csproj", "{F988AC23-3C24-424B-A05D-0EBA5C74D527}"
EndProject
Global
	GlobalSection(SolutionConfigurationPlatforms) = preSolution
		Debug|Any CPU = Debug|Any CPU
		Release|Any CPU = Release|Any CPU
	EndGlobalSection
	GlobalSection(ProjectConfigurationPlatforms) = postSolution
		{247D7A92-DD5B-403E-9539-C1DDD8706342}.Debug|Any CPU.ActiveCfg = Debug|Any CPU
		{247D7A92-DD5B-403E-9539-C1DDD8706342}.Debug|Any CPU.Build.0 = Debug|Any CPU
		{247D7A92-DD5B-403E-9539-C1DDD8706342}.Release|Any CPU.ActiveCfg = Release|Any CPU
		{247D7A92-DD5B-403E-9539-C1DDD8706342}.Release|Any CPU.Build.0 = Release|Any CPU
		{A210F212-D317-4BA3-A9B8-73E8838423C1}.Debug|Any CPU.ActiveCfg = Debug|Any CPU
		{A210F212-D317-4BA3-A9B8-73E8838423C1}.Debug|Any CPU.Build.0 = Debug|Any CPU
		{A210F212-D317-4BA3-A9B8-73E8838423C1}.Release|Any CPU.ActiveCfg = Release|Any CPU
		{A210F212-D317-4BA3-A9B8-73E8838423C1}.Release|Any CPU.Build.0 = Release|Any CPU
		{6EA938EF-2770-4A6C-B57A-3BDCCE8ABE18}.Debug|Any CPU.ActiveCfg = Debug|Any CPU
		{6EA938EF-2770-4A6C-B57A-3BDCCE8ABE18}.Debug|Any CPU.Build.0 = Debug|Any CPU
		{6EA938EF-2770-4A6C-B57A-3BDCCE8ABE18}.Release|Any CPU.ActiveCfg = Release|Any CPU
		{6EA938EF-2770-4A6C-B57A-3BDCCE8ABE18}.Release|Any CPU.Build.0 = Release|Any CPU
		{30030C88-02A3-4445-92B6-3142EB4BB052}.Debug|Any CPU.ActiveCfg = Debug|Any CPU
		{30030C88-02A3-4445-92B6-3142EB4BB052}.Debug|Any CPU.Build.0 = Debug|Any CPU
		{30030C88-02A3-4445-92B6-3142EB4BB052}.Release|Any CPU.ActiveCfg = Release|Any CPU
		{30030C88-02A3-4445-92B6-3142EB4BB052}.Release|Any CPU.Build.0 = Release|Any CPU
		{7CA2374F-C11D-4008-985E-B5386D385D92}.Debug|Any CPU.ActiveCfg = Debug|Any CPU
		{7CA2374F-C11D-4008-985E-B5386D385D92}.Debug|Any CPU.Build.0 = Debug|Any CPU
		{7CA2374F-C11D-4008-985E-B5386D385D92}.Release|Any CPU.ActiveCfg = Release|Any CPU
		{7CA2374F-C11D-4008-985E-B5386D385D92}.Release|Any CPU.Build.0 = Release|Any CPU
		{2907E8F0-800C-4FC3-B794-6CB775A28552}.Debug|Any CPU.ActiveCfg = Debug|Any CPU
		{2907E8F0-800C-4FC3-B794-6CB775A28552}.Debug|Any CPU.Build.0 = Debug|Any CPU
		{2907E8F0-800C-4FC3-B794-6CB775A28552}.Release|Any CPU.ActiveCfg = Release|Any CPU
		{2907E8F0-800C-4FC3-B794-6CB775A28552}.Release|Any CPU.Build.0 = Release|Any CPU
		{E731578C-9BF0-4710-9A4B-981B8C6923B6}.Debug|Any CPU.ActiveCfg = Debug|Any CPU
		{E731578C-9BF0-4710-9A4B-981B8C6923B6}.Debug|Any CPU.Build.0 = Debug|Any CPU
		{E731578C-9BF0-4710-9A4B-981B8C6923B6}.Release|Any CPU.ActiveCfg = Release|Any CPU
		{E731578C-9BF0-4710-9A4B-981B8C6923B6}.Release|Any CPU.Build.0 = Release|Any CPU
		{689B6B61-7F7E-4723-858F-76D8580A382D}.Debug|Any CPU.ActiveCfg = Debug|Any CPU
		{689B6B61-7F7E-4723-858F-76D8580A382D}.Debug|Any CPU.Build.0 = Debug|Any CPU
		{689B6B61-7F7E-4723-858F-76D8580A382D}.Release|Any CPU.ActiveCfg = Release|Any CPU
		{689B6B61-7F7E-4723-858F-76D8580A382D}.Release|Any CPU.Build.0 = Release|Any CPU
		{F988AC23-3C24-424B-A05D-0EBA5C74D527}.Debug|Any CPU.ActiveCfg = Debug|Any CPU
		{F988AC23-3C24-424B-A05D-0EBA5C74D527}.Debug|Any CPU.Build.0 = Debug|Any CPU
		{F988AC23-3C24-424B-A05D-0EBA5C74D527}.Release|Any CPU.ActiveCfg = Release|Any CPU
		{F988AC23-3C24-424B-A05D-0EBA5C74D527}.Release|Any CPU.Build.0 = Release|Any CPU
	EndGlobalSection
	GlobalSection(SolutionProperties) = preSolution
		HideSolutionNode = FALSE
	EndGlobalSection
	GlobalSection(ExtensibilityGlobals) = postSolution
		SolutionGuid = {C42D0E20-D335-4B87-B207-A63A83D6FE8D}
	EndGlobalSection
	GlobalSection(NestedProjects) = preSolution
		{F5C5F6C4-A279-4B6A-BB82-D110B391E32A} = {E6A12FA0-DBD6-4925-AF2D-B03C5159F63A}
	EndGlobalSection
EndGlobal
