Microsoft Visual Studio Solution File, Format Version 12.00
# Visual Studio Version 16
VisualStudioVersion = 16.0.31729.503
MinimumVisualStudioVersion = 10.0.40219.1
Project("{FAE04EC0-301F-11D3-BF4B-00C04F79EFBC}") = "Practices.PostgreSQL", "src\Practices.PostgreSQL\Practices.PostgreSQL.csproj", "{247D7A92-DD5B-403E-9539-C1DDD8706342}"
EndProject
Project("{FAE04EC0-301F-11D3-BF4B-00C04F79EFBC}") = "Practices.GraphQL", "src\Practices.GraphQL\Practices.GraphQL.csproj", "{A210F212-D317-4BA3-A9B8-73E8838423C1}"
EndProject
Project("{FAE04EC0-301F-11D3-BF4B-00C04F79EFBC}") = "Practices.FluentMigration", "src\Practices.FluentMigration\Practices.FluentMigration.csproj", "{6EA938EF-2770-4A6C-B57A-3BDCCE8ABE18}"
EndProject
Project("{2150E333-8FDC-42A3-9474-1A3956D46DE8}") = "src", "src", "{E6A12FA0-DBD6-4925-AF2D-B03C5159F63A}"
	ProjectSection(SolutionItems) = preProject
		src\Practices.GraphQL.Tests\obj\Practices.GraphQL.Tests.csproj.nuget.g.targets = src\Practices.GraphQL.Tests\obj\Practices.GraphQL.Tests.csproj.nuget.g.targets
		src\Practices.GraphQL.Tests\obj\Practices.GraphQL.Tests.csproj.nuget.g.props = src\Practices.GraphQL.Tests\obj\Practices.GraphQL.Tests.csproj.nuget.g.props
		src\Practices.GraphQL.Tests\obj\rider.project.restore.info = src\Practices.GraphQL.Tests\obj\rider.project.restore.info
		src\Practices.GraphQL.Tests\obj\project.nuget.cache = src\Practices.GraphQL.Tests\obj\project.nuget.cache
		src\Practices.GraphQL.Tests\obj\Practices.GraphQL.Tests.csproj.nuget.dgspec.json = src\Practices.GraphQL.Tests\obj\Practices.GraphQL.Tests.csproj.nuget.dgspec.json
		src\Practices.GraphQL.Tests\obj\project.packagespec.json = src\Practices.GraphQL.Tests\obj\project.packagespec.json
		src\Practices.GraphQL.Tests\obj\project.assets.json = src\Practices.GraphQL.Tests\obj\project.assets.json
		src\Practices.GraphQL.Tests\obj\Debug\net6.0\ref\Practices.GraphQL.Tests.dll = src\Practices.GraphQL.Tests\obj\Debug\net6.0\ref\Practices.GraphQL.Tests.dll
		src\Practices.GraphQL.Tests\obj\Debug\net6.0\refint\Practices.GraphQL.Tests.dll = src\Practices.GraphQL.Tests\obj\Debug\net6.0\refint\Practices.GraphQL.Tests.dll
		src\Practices.GraphQL.Tests\obj\Debug\net6.0\Practices.GraphQL.Tests.AssemblyInfo.cs = src\Practices.GraphQL.Tests\obj\Debug\net6.0\Practices.GraphQL.Tests.AssemblyInfo.cs
		src\Practices.GraphQL.Tests\obj\Debug\net6.0\Practices.GraphQL.Tests.csproj.CoreCompileInputs.cache = src\Practices.GraphQL.Tests\obj\Debug\net6.0\Practices.GraphQL.Tests.csproj.CoreCompileInputs.cache
		src\Practices.GraphQL.Tests\obj\Debug\net6.0\Practices.GraphQL.Tests.assets.cache = src\Practices.GraphQL.Tests\obj\Debug\net6.0\Practices.GraphQL.Tests.assets.cache
		src\Practices.GraphQL.Tests\obj\Debug\net6.0\Practices.GraphQL.Tests.csproj.CopyComplete = src\Practices.GraphQL.Tests\obj\Debug\net6.0\Practices.GraphQL.Tests.csproj.CopyComplete
		src\Practices.GraphQL.Tests\obj\Debug\net6.0\Practices.GraphQL.Tests.csproj.AssemblyReference.cache = src\Practices.GraphQL.Tests\obj\Debug\net6.0\Practices.GraphQL.Tests.csproj.AssemblyReference.cache
		src\Practices.GraphQL.Tests\obj\Debug\net6.0\Practices.GraphQL.Tests.dll = src\Practices.GraphQL.Tests\obj\Debug\net6.0\Practices.GraphQL.Tests.dll
		src\Practices.GraphQL.Tests\obj\Debug\net6.0\Practices.GraphQL.Tests.AssemblyInfoInputs.cache = src\Practices.GraphQL.Tests\obj\Debug\net6.0\Practices.GraphQL.Tests.AssemblyInfoInputs.cache
		src\Practices.GraphQL.Tests\obj\Debug\net6.0\Practices.GraphQL.Tests.GeneratedMSBuildEditorConfig.editorconfig = src\Practices.GraphQL.Tests\obj\Debug\net6.0\Practices.GraphQL.Tests.GeneratedMSBuildEditorConfig.editorconfig
		src\Practices.GraphQL.Tests\obj\Debug\net6.0\.NETCoreApp,Version=v6.0.AssemblyAttributes.cs = src\Practices.GraphQL.Tests\obj\Debug\net6.0\.NETCoreApp,Version=v6.0.AssemblyAttributes.cs
		src\Practices.GraphQL.Tests\obj\Debug\net6.0\Practices.GraphQL.Tests.GlobalUsings.g.cs = src\Practices.GraphQL.Tests\obj\Debug\net6.0\Practices.GraphQL.Tests.GlobalUsings.g.cs
		src\Practices.GraphQL.Tests\obj\Debug\net6.0\Practices.GraphQL.Tests.pdb = src\Practices.GraphQL.Tests\obj\Debug\net6.0\Practices.GraphQL.Tests.pdb
		src\Practices.GraphQL.Tests\obj\Debug\net6.0\Practices.GraphQL.Tests.genruntimeconfig.cache = src\Practices.GraphQL.Tests\obj\Debug\net6.0\Practices.GraphQL.Tests.genruntimeconfig.cache
		src\Practices.GraphQL.Tests\obj\Debug\net6.0\Practices.GraphQL.Tests.csproj.FileListAbsolute.txt = src\Practices.GraphQL.Tests\obj\Debug\net6.0\Practices.GraphQL.Tests.csproj.FileListAbsolute.txt
		src\Practices.GraphQL.Tests\bin\Debug\net6.0\zh-Hans\Microsoft.TestPlatform.CrossPlatEngine.resources.dll = src\Practices.GraphQL.Tests\bin\Debug\net6.0\zh-Hans\Microsoft.TestPlatform.CrossPlatEngine.resources.dll
		src\Practices.GraphQL.Tests\bin\Debug\net6.0\zh-Hans\Microsoft.VisualStudio.TestPlatform.ObjectModel.resources.dll = src\Practices.GraphQL.Tests\bin\Debug\net6.0\zh-Hans\Microsoft.VisualStudio.TestPlatform.ObjectModel.resources.dll
		src\Practices.GraphQL.Tests\bin\Debug\net6.0\zh-Hans\Microsoft.TestPlatform.CommunicationUtilities.resources.dll = src\Practices.GraphQL.Tests\bin\Debug\net6.0\zh-Hans\Microsoft.TestPlatform.CommunicationUtilities.resources.dll
		src\Practices.GraphQL.Tests\bin\Debug\net6.0\zh-Hans\Microsoft.TestPlatform.CoreUtilities.resources.dll = src\Practices.GraphQL.Tests\bin\Debug\net6.0\zh-Hans\Microsoft.TestPlatform.CoreUtilities.resources.dll
		src\Practices.GraphQL.Tests\bin\Debug\net6.0\zh-Hans\Microsoft.VisualStudio.TestPlatform.Common.resources.dll = src\Practices.GraphQL.Tests\bin\Debug\net6.0\zh-Hans\Microsoft.VisualStudio.TestPlatform.Common.resources.dll
		src\Practices.GraphQL.Tests\bin\Debug\net6.0\zh-Hant\Microsoft.TestPlatform.CrossPlatEngine.resources.dll = src\Practices.GraphQL.Tests\bin\Debug\net6.0\zh-Hant\Microsoft.TestPlatform.CrossPlatEngine.resources.dll
		src\Practices.GraphQL.Tests\bin\Debug\net6.0\zh-Hant\Microsoft.VisualStudio.TestPlatform.ObjectModel.resources.dll = src\Practices.GraphQL.Tests\bin\Debug\net6.0\zh-Hant\Microsoft.VisualStudio.TestPlatform.ObjectModel.resources.dll
		src\Practices.GraphQL.Tests\bin\Debug\net6.0\zh-Hant\Microsoft.TestPlatform.CommunicationUtilities.resources.dll = src\Practices.GraphQL.Tests\bin\Debug\net6.0\zh-Hant\Microsoft.TestPlatform.CommunicationUtilities.resources.dll
		src\Practices.GraphQL.Tests\bin\Debug\net6.0\zh-Hant\Microsoft.TestPlatform.CoreUtilities.resources.dll = src\Practices.GraphQL.Tests\bin\Debug\net6.0\zh-Hant\Microsoft.TestPlatform.CoreUtilities.resources.dll
		src\Practices.GraphQL.Tests\bin\Debug\net6.0\zh-Hant\Microsoft.VisualStudio.TestPlatform.Common.resources.dll = src\Practices.GraphQL.Tests\bin\Debug\net6.0\zh-Hant\Microsoft.VisualStudio.TestPlatform.Common.resources.dll
		src\Practices.GraphQL.Tests\bin\Debug\net6.0\Microsoft.TestPlatform.CoreUtilities.dll = src\Practices.GraphQL.Tests\bin\Debug\net6.0\Microsoft.TestPlatform.CoreUtilities.dll
		src\Practices.GraphQL.Tests\bin\Debug\net6.0\Practices.GraphQL.Tests.deps.json = src\Practices.GraphQL.Tests\bin\Debug\net6.0\Practices.GraphQL.Tests.deps.json
		src\Practices.GraphQL.Tests\bin\Debug\net6.0\pl\Microsoft.TestPlatform.CrossPlatEngine.resources.dll = src\Practices.GraphQL.Tests\bin\Debug\net6.0\pl\Microsoft.TestPlatform.CrossPlatEngine.resources.dll
		src\Practices.GraphQL.Tests\bin\Debug\net6.0\pl\Microsoft.VisualStudio.TestPlatform.ObjectModel.resources.dll = src\Practices.GraphQL.Tests\bin\Debug\net6.0\pl\Microsoft.VisualStudio.TestPlatform.ObjectModel.resources.dll
		src\Practices.GraphQL.Tests\bin\Debug\net6.0\pl\Microsoft.TestPlatform.CommunicationUtilities.resources.dll = src\Practices.GraphQL.Tests\bin\Debug\net6.0\pl\Microsoft.TestPlatform.CommunicationUtilities.resources.dll
		src\Practices.GraphQL.Tests\bin\Debug\net6.0\pl\Microsoft.TestPlatform.CoreUtilities.resources.dll = src\Practices.GraphQL.Tests\bin\Debug\net6.0\pl\Microsoft.TestPlatform.CoreUtilities.resources.dll
		src\Practices.GraphQL.Tests\bin\Debug\net6.0\pl\Microsoft.VisualStudio.TestPlatform.Common.resources.dll = src\Practices.GraphQL.Tests\bin\Debug\net6.0\pl\Microsoft.VisualStudio.TestPlatform.Common.resources.dll
		src\Practices.GraphQL.Tests\bin\Debug\net6.0\xunit.runner.reporters.netcoreapp10.dll = src\Practices.GraphQL.Tests\bin\Debug\net6.0\xunit.runner.reporters.netcoreapp10.dll
		src\Practices.GraphQL.Tests\bin\Debug\net6.0\testhost.dll = src\Practices.GraphQL.Tests\bin\Debug\net6.0\testhost.dll
		src\Practices.GraphQL.Tests\bin\Debug\net6.0\xunit.abstractions.dll = src\Practices.GraphQL.Tests\bin\Debug\net6.0\xunit.abstractions.dll
		src\Practices.GraphQL.Tests\bin\Debug\net6.0\xunit.runner.visualstudio.dotnetcore.testadapter.dll = src\Practices.GraphQL.Tests\bin\Debug\net6.0\xunit.runner.visualstudio.dotnetcore.testadapter.dll
		src\Practices.GraphQL.Tests\bin\Debug\net6.0\xunit.runner.utility.netcoreapp10.dll = src\Practices.GraphQL.Tests\bin\Debug\net6.0\xunit.runner.utility.netcoreapp10.dll
		src\Practices.GraphQL.Tests\bin\Debug\net6.0\xunit.core.dll = src\Practices.GraphQL.Tests\bin\Debug\net6.0\xunit.core.dll
		src\Practices.GraphQL.Tests\bin\Debug\net6.0\ja\Microsoft.TestPlatform.CrossPlatEngine.resources.dll = src\Practices.GraphQL.Tests\bin\Debug\net6.0\ja\Microsoft.TestPlatform.CrossPlatEngine.resources.dll
		src\Practices.GraphQL.Tests\bin\Debug\net6.0\ja\Microsoft.VisualStudio.TestPlatform.ObjectModel.resources.dll = src\Practices.GraphQL.Tests\bin\Debug\net6.0\ja\Microsoft.VisualStudio.TestPlatform.ObjectModel.resources.dll
		src\Practices.GraphQL.Tests\bin\Debug\net6.0\ja\Microsoft.TestPlatform.CommunicationUtilities.resources.dll = src\Practices.GraphQL.Tests\bin\Debug\net6.0\ja\Microsoft.TestPlatform.CommunicationUtilities.resources.dll
		src\Practices.GraphQL.Tests\bin\Debug\net6.0\ja\Microsoft.TestPlatform.CoreUtilities.resources.dll = src\Practices.GraphQL.Tests\bin\Debug\net6.0\ja\Microsoft.TestPlatform.CoreUtilities.resources.dll
		src\Practices.GraphQL.Tests\bin\Debug\net6.0\ja\Microsoft.VisualStudio.TestPlatform.Common.resources.dll = src\Practices.GraphQL.Tests\bin\Debug\net6.0\ja\Microsoft.VisualStudio.TestPlatform.Common.resources.dll
		src\Practices.GraphQL.Tests\bin\Debug\net6.0\it\Microsoft.TestPlatform.CrossPlatEngine.resources.dll = src\Practices.GraphQL.Tests\bin\Debug\net6.0\it\Microsoft.TestPlatform.CrossPlatEngine.resources.dll
		src\Practices.GraphQL.Tests\bin\Debug\net6.0\it\Microsoft.VisualStudio.TestPlatform.ObjectModel.resources.dll = src\Practices.GraphQL.Tests\bin\Debug\net6.0\it\Microsoft.VisualStudio.TestPlatform.ObjectModel.resources.dll
		src\Practices.GraphQL.Tests\bin\Debug\net6.0\it\Microsoft.TestPlatform.CommunicationUtilities.resources.dll = src\Practices.GraphQL.Tests\bin\Debug\net6.0\it\Microsoft.TestPlatform.CommunicationUtilities.resources.dll
		src\Practices.GraphQL.Tests\bin\Debug\net6.0\it\Microsoft.TestPlatform.CoreUtilities.resources.dll = src\Practices.GraphQL.Tests\bin\Debug\net6.0\it\Microsoft.TestPlatform.CoreUtilities.resources.dll
		src\Practices.GraphQL.Tests\bin\Debug\net6.0\it\Microsoft.VisualStudio.TestPlatform.Common.resources.dll = src\Practices.GraphQL.Tests\bin\Debug\net6.0\it\Microsoft.VisualStudio.TestPlatform.Common.resources.dll
		src\Practices.GraphQL.Tests\bin\Debug\net6.0\cs\Microsoft.TestPlatform.CrossPlatEngine.resources.dll = src\Practices.GraphQL.Tests\bin\Debug\net6.0\cs\Microsoft.TestPlatform.CrossPlatEngine.resources.dll
		src\Practices.GraphQL.Tests\bin\Debug\net6.0\cs\Microsoft.VisualStudio.TestPlatform.ObjectModel.resources.dll = src\Practices.GraphQL.Tests\bin\Debug\net6.0\cs\Microsoft.VisualStudio.TestPlatform.ObjectModel.resources.dll
		src\Practices.GraphQL.Tests\bin\Debug\net6.0\cs\Microsoft.TestPlatform.CommunicationUtilities.resources.dll = src\Practices.GraphQL.Tests\bin\Debug\net6.0\cs\Microsoft.TestPlatform.CommunicationUtilities.resources.dll
		src\Practices.GraphQL.Tests\bin\Debug\net6.0\cs\Microsoft.TestPlatform.CoreUtilities.resources.dll = src\Practices.GraphQL.Tests\bin\Debug\net6.0\cs\Microsoft.TestPlatform.CoreUtilities.resources.dll
		src\Practices.GraphQL.Tests\bin\Debug\net6.0\cs\Microsoft.VisualStudio.TestPlatform.Common.resources.dll = src\Practices.GraphQL.Tests\bin\Debug\net6.0\cs\Microsoft.VisualStudio.TestPlatform.Common.resources.dll
		src\Practices.GraphQL.Tests\bin\Debug\net6.0\ru\Microsoft.TestPlatform.CrossPlatEngine.resources.dll = src\Practices.GraphQL.Tests\bin\Debug\net6.0\ru\Microsoft.TestPlatform.CrossPlatEngine.resources.dll
		src\Practices.GraphQL.Tests\bin\Debug\net6.0\ru\Microsoft.VisualStudio.TestPlatform.ObjectModel.resources.dll = src\Practices.GraphQL.Tests\bin\Debug\net6.0\ru\Microsoft.VisualStudio.TestPlatform.ObjectModel.resources.dll
		src\Practices.GraphQL.Tests\bin\Debug\net6.0\ru\Microsoft.TestPlatform.CommunicationUtilities.resources.dll = src\Practices.GraphQL.Tests\bin\Debug\net6.0\ru\Microsoft.TestPlatform.CommunicationUtilities.resources.dll
		src\Practices.GraphQL.Tests\bin\Debug\net6.0\ru\Microsoft.TestPlatform.CoreUtilities.resources.dll = src\Practices.GraphQL.Tests\bin\Debug\net6.0\ru\Microsoft.TestPlatform.CoreUtilities.resources.dll
		src\Practices.GraphQL.Tests\bin\Debug\net6.0\ru\Microsoft.VisualStudio.TestPlatform.Common.resources.dll = src\Practices.GraphQL.Tests\bin\Debug\net6.0\ru\Microsoft.VisualStudio.TestPlatform.Common.resources.dll
		src\Practices.GraphQL.Tests\bin\Debug\net6.0\Microsoft.VisualStudio.CodeCoverage.Shim.dll = src\Practices.GraphQL.Tests\bin\Debug\net6.0\Microsoft.VisualStudio.CodeCoverage.Shim.dll
		src\Practices.GraphQL.Tests\bin\Debug\net6.0\Microsoft.TestPlatform.CrossPlatEngine.dll = src\Practices.GraphQL.Tests\bin\Debug\net6.0\Microsoft.TestPlatform.CrossPlatEngine.dll
		src\Practices.GraphQL.Tests\bin\Debug\net6.0\Practices.GraphQL.Tests.dll = src\Practices.GraphQL.Tests\bin\Debug\net6.0\Practices.GraphQL.Tests.dll
		src\Practices.GraphQL.Tests\bin\Debug\net6.0\Newtonsoft.Json.dll = src\Practices.GraphQL.Tests\bin\Debug\net6.0\Newtonsoft.Json.dll
		src\Practices.GraphQL.Tests\bin\Debug\net6.0\Microsoft.TestPlatform.PlatformAbstractions.dll = src\Practices.GraphQL.Tests\bin\Debug\net6.0\Microsoft.TestPlatform.PlatformAbstractions.dll
		src\Practices.GraphQL.Tests\bin\Debug\net6.0\pt-BR\Microsoft.TestPlatform.CrossPlatEngine.resources.dll = src\Practices.GraphQL.Tests\bin\Debug\net6.0\pt-BR\Microsoft.TestPlatform.CrossPlatEngine.resources.dll
		src\Practices.GraphQL.Tests\bin\Debug\net6.0\pt-BR\Microsoft.VisualStudio.TestPlatform.ObjectModel.resources.dll = src\Practices.GraphQL.Tests\bin\Debug\net6.0\pt-BR\Microsoft.VisualStudio.TestPlatform.ObjectModel.resources.dll
		src\Practices.GraphQL.Tests\bin\Debug\net6.0\pt-BR\Microsoft.TestPlatform.CommunicationUtilities.resources.dll = src\Practices.GraphQL.Tests\bin\Debug\net6.0\pt-BR\Microsoft.TestPlatform.CommunicationUtilities.resources.dll
		src\Practices.GraphQL.Tests\bin\Debug\net6.0\pt-BR\Microsoft.TestPlatform.CoreUtilities.resources.dll = src\Practices.GraphQL.Tests\bin\Debug\net6.0\pt-BR\Microsoft.TestPlatform.CoreUtilities.resources.dll
		src\Practices.GraphQL.Tests\bin\Debug\net6.0\pt-BR\Microsoft.VisualStudio.TestPlatform.Common.resources.dll = src\Practices.GraphQL.Tests\bin\Debug\net6.0\pt-BR\Microsoft.VisualStudio.TestPlatform.Common.resources.dll
		src\Practices.GraphQL.Tests\bin\Debug\net6.0\xunit.execution.dotnet.dll = src\Practices.GraphQL.Tests\bin\Debug\net6.0\xunit.execution.dotnet.dll
		src\Practices.GraphQL.Tests\bin\Debug\net6.0\Microsoft.VisualStudio.TestPlatform.Common.dll = src\Practices.GraphQL.Tests\bin\Debug\net6.0\Microsoft.VisualStudio.TestPlatform.Common.dll
		src\Practices.GraphQL.Tests\bin\Debug\net6.0\de\Microsoft.TestPlatform.CrossPlatEngine.resources.dll = src\Practices.GraphQL.Tests\bin\Debug\net6.0\de\Microsoft.TestPlatform.CrossPlatEngine.resources.dll
		src\Practices.GraphQL.Tests\bin\Debug\net6.0\de\Microsoft.VisualStudio.TestPlatform.ObjectModel.resources.dll = src\Practices.GraphQL.Tests\bin\Debug\net6.0\de\Microsoft.VisualStudio.TestPlatform.ObjectModel.resources.dll
		src\Practices.GraphQL.Tests\bin\Debug\net6.0\de\Microsoft.TestPlatform.CommunicationUtilities.resources.dll = src\Practices.GraphQL.Tests\bin\Debug\net6.0\de\Microsoft.TestPlatform.CommunicationUtilities.resources.dll
		src\Practices.GraphQL.Tests\bin\Debug\net6.0\de\Microsoft.TestPlatform.CoreUtilities.resources.dll = src\Practices.GraphQL.Tests\bin\Debug\net6.0\de\Microsoft.TestPlatform.CoreUtilities.resources.dll
		src\Practices.GraphQL.Tests\bin\Debug\net6.0\de\Microsoft.VisualStudio.TestPlatform.Common.resources.dll = src\Practices.GraphQL.Tests\bin\Debug\net6.0\de\Microsoft.VisualStudio.TestPlatform.Common.resources.dll
		src\Practices.GraphQL.Tests\bin\Debug\net6.0\ko\Microsoft.TestPlatform.CrossPlatEngine.resources.dll = src\Practices.GraphQL.Tests\bin\Debug\net6.0\ko\Microsoft.TestPlatform.CrossPlatEngine.resources.dll
		src\Practices.GraphQL.Tests\bin\Debug\net6.0\ko\Microsoft.VisualStudio.TestPlatform.ObjectModel.resources.dll = src\Practices.GraphQL.Tests\bin\Debug\net6.0\ko\Microsoft.VisualStudio.TestPlatform.ObjectModel.resources.dll
		src\Practices.GraphQL.Tests\bin\Debug\net6.0\ko\Microsoft.TestPlatform.CommunicationUtilities.resources.dll = src\Practices.GraphQL.Tests\bin\Debug\net6.0\ko\Microsoft.TestPlatform.CommunicationUtilities.resources.dll
		src\Practices.GraphQL.Tests\bin\Debug\net6.0\ko\Microsoft.TestPlatform.CoreUtilities.resources.dll = src\Practices.GraphQL.Tests\bin\Debug\net6.0\ko\Microsoft.TestPlatform.CoreUtilities.resources.dll
		src\Practices.GraphQL.Tests\bin\Debug\net6.0\ko\Microsoft.VisualStudio.TestPlatform.Common.resources.dll = src\Practices.GraphQL.Tests\bin\Debug\net6.0\ko\Microsoft.VisualStudio.TestPlatform.Common.resources.dll
		src\Practices.GraphQL.Tests\bin\Debug\net6.0\Practices.GraphQL.Tests.pdb = src\Practices.GraphQL.Tests\bin\Debug\net6.0\Practices.GraphQL.Tests.pdb
		src\Practices.GraphQL.Tests\bin\Debug\net6.0\fr\Microsoft.TestPlatform.CrossPlatEngine.resources.dll = src\Practices.GraphQL.Tests\bin\Debug\net6.0\fr\Microsoft.TestPlatform.CrossPlatEngine.resources.dll
		src\Practices.GraphQL.Tests\bin\Debug\net6.0\fr\Microsoft.VisualStudio.TestPlatform.ObjectModel.resources.dll = src\Practices.GraphQL.Tests\bin\Debug\net6.0\fr\Microsoft.VisualStudio.TestPlatform.ObjectModel.resources.dll
		src\Practices.GraphQL.Tests\bin\Debug\net6.0\fr\Microsoft.TestPlatform.CommunicationUtilities.resources.dll = src\Practices.GraphQL.Tests\bin\Debug\net6.0\fr\Microsoft.TestPlatform.CommunicationUtilities.resources.dll
		src\Practices.GraphQL.Tests\bin\Debug\net6.0\fr\Microsoft.TestPlatform.CoreUtilities.resources.dll = src\Practices.GraphQL.Tests\bin\Debug\net6.0\fr\Microsoft.TestPlatform.CoreUtilities.resources.dll
		src\Practices.GraphQL.Tests\bin\Debug\net6.0\fr\Microsoft.VisualStudio.TestPlatform.Common.resources.dll = src\Practices.GraphQL.Tests\bin\Debug\net6.0\fr\Microsoft.VisualStudio.TestPlatform.Common.resources.dll
		src\Practices.GraphQL.Tests\bin\Debug\net6.0\Microsoft.VisualStudio.TestPlatform.ObjectModel.dll = src\Practices.GraphQL.Tests\bin\Debug\net6.0\Microsoft.VisualStudio.TestPlatform.ObjectModel.dll
		src\Practices.GraphQL.Tests\bin\Debug\net6.0\es\Microsoft.TestPlatform.CrossPlatEngine.resources.dll = src\Practices.GraphQL.Tests\bin\Debug\net6.0\es\Microsoft.TestPlatform.CrossPlatEngine.resources.dll
		src\Practices.GraphQL.Tests\bin\Debug\net6.0\es\Microsoft.VisualStudio.TestPlatform.ObjectModel.resources.dll = src\Practices.GraphQL.Tests\bin\Debug\net6.0\es\Microsoft.VisualStudio.TestPlatform.ObjectModel.resources.dll
		src\Practices.GraphQL.Tests\bin\Debug\net6.0\es\Microsoft.TestPlatform.CommunicationUtilities.resources.dll = src\Practices.GraphQL.Tests\bin\Debug\net6.0\es\Microsoft.TestPlatform.CommunicationUtilities.resources.dll
		src\Practices.GraphQL.Tests\bin\Debug\net6.0\es\Microsoft.TestPlatform.CoreUtilities.resources.dll = src\Practices.GraphQL.Tests\bin\Debug\net6.0\es\Microsoft.TestPlatform.CoreUtilities.resources.dll
		src\Practices.GraphQL.Tests\bin\Debug\net6.0\es\Microsoft.VisualStudio.TestPlatform.Common.resources.dll = src\Practices.GraphQL.Tests\bin\Debug\net6.0\es\Microsoft.VisualStudio.TestPlatform.Common.resources.dll
		src\Practices.GraphQL.Tests\bin\Debug\net6.0\Microsoft.TestPlatform.CommunicationUtilities.dll = src\Practices.GraphQL.Tests\bin\Debug\net6.0\Microsoft.TestPlatform.CommunicationUtilities.dll
		src\Practices.GraphQL.Tests\bin\Debug\net6.0\xunit.assert.dll = src\Practices.GraphQL.Tests\bin\Debug\net6.0\xunit.assert.dll
		src\Practices.GraphQL.Tests\bin\Debug\net6.0\Microsoft.TestPlatform.Utilities.dll = src\Practices.GraphQL.Tests\bin\Debug\net6.0\Microsoft.TestPlatform.Utilities.dll
		src\Practices.GraphQL.Tests\bin\Debug\net6.0\Practices.GraphQL.Tests.runtimeconfig.json = src\Practices.GraphQL.Tests\bin\Debug\net6.0\Practices.GraphQL.Tests.runtimeconfig.json
		src\Practices.GraphQL.Tests\bin\Debug\net6.0\NuGet.Frameworks.dll = src\Practices.GraphQL.Tests\bin\Debug\net6.0\NuGet.Frameworks.dll
		src\Practices.GraphQL.Tests\bin\Debug\net6.0\tr\Microsoft.TestPlatform.CrossPlatEngine.resources.dll = src\Practices.GraphQL.Tests\bin\Debug\net6.0\tr\Microsoft.TestPlatform.CrossPlatEngine.resources.dll
		src\Practices.GraphQL.Tests\bin\Debug\net6.0\tr\Microsoft.VisualStudio.TestPlatform.ObjectModel.resources.dll = src\Practices.GraphQL.Tests\bin\Debug\net6.0\tr\Microsoft.VisualStudio.TestPlatform.ObjectModel.resources.dll
		src\Practices.GraphQL.Tests\bin\Debug\net6.0\tr\Microsoft.TestPlatform.CommunicationUtilities.resources.dll = src\Practices.GraphQL.Tests\bin\Debug\net6.0\tr\Microsoft.TestPlatform.CommunicationUtilities.resources.dll
		src\Practices.GraphQL.Tests\bin\Debug\net6.0\tr\Microsoft.TestPlatform.CoreUtilities.resources.dll = src\Practices.GraphQL.Tests\bin\Debug\net6.0\tr\Microsoft.TestPlatform.CoreUtilities.resources.dll
		src\Practices.GraphQL.Tests\bin\Debug\net6.0\tr\Microsoft.VisualStudio.TestPlatform.Common.resources.dll = src\Practices.GraphQL.Tests\bin\Debug\net6.0\tr\Microsoft.VisualStudio.TestPlatform.Common.resources.dll
		src\Practices.GraphQL.Tests\Practices.GraphQL.Tests.csproj = src\Practices.GraphQL.Tests\Practices.GraphQL.Tests.csproj
		src\Practices.GraphQL.Tests\UnitTest1.cs = src\Practices.GraphQL.Tests\UnitTest1.cs
		src\Practices.GraphQL.Tests\Usings.cs = src\Practices.GraphQL.Tests\Usings.cs
	EndProjectSection
EndProject
Project("{2150E333-8FDC-42A3-9474-1A3956D46DE8}") = "Practices.gRPC", "Practices.gRPC", "{F5C5F6C4-A279-4B6A-BB82-D110B391E32A}"
EndProject
Project("{FAE04EC0-301F-11D3-BF4B-00C04F79EFBC}") = "Practices.ML.Net.Predictor", "src\Practices.ML.Net\Practices.ML.Net.Predictor\Practices.ML.Net.Predictor.csproj", "{30030C88-02A3-4445-92B6-3142EB4BB052}"
EndProject
Project("{FAE04EC0-301F-11D3-BF4B-00C04F79EFBC}") = "Practices.ML.Net.Repository", "src\Practices.ML.Net\Practices.ML.Net.Repository\Practices.ML.Net.Repository.csproj", "{7CA2374F-C11D-4008-985E-B5386D385D92}"
EndProject
Project("{FAE04EC0-301F-11D3-BF4B-00C04F79EFBC}") = "Practices.ML.Net.Scraper", "src\Practices.ML.Net\Practices.ML.Net.Scraper\Practices.ML.Net.Scraper.csproj", "{2907E8F0-800C-4FC3-B794-6CB775A28552}"
EndProject
Project("{FAE04EC0-301F-11D3-BF4B-00C04F79EFBC}") = "Practices.ML.Net.Executor", "src\Practices.ML.Net\Practices.ML.Net.Executor\Practices.ML.Net.Executor.csproj", "{E731578C-9BF0-4710-9A4B-981B8C6923B6}"
EndProject
Project("{FAE04EC0-301F-11D3-BF4B-00C04F79EFBC}") = "Practices.ML.Net.Abstractions", "src\Practices.ML.Net\Practices.ML.Net.Abstractions\Practices.ML.Net.Abstractions.csproj", "{689B6B61-7F7E-4723-858F-76D8580A382D}"
EndProject
Project("{FAE04EC0-301F-11D3-BF4B-00C04F79EFBC}") = "Practices.gRPC.Server", "src\Practices.gRPC\Practices.gRPC.Server\Practices.gRPC.Server.csproj", "{F988AC23-3C24-424B-A05D-0EBA5C74D527}"
EndProject
Project("{FAE04EC0-301F-11D3-BF4B-00C04F79EFBC}") = "Practices.gRPC.Client", "src\Practices.gRPC\Practices.gRPC.Client\Practices.gRPC.Client.csproj", "{8C68BD01-5C0B-4F92-AE9B-700639652828}"
EndProject
Project("{FAE04EC0-301F-11D3-BF4B-00C04F79EFBC}") = "Practices.GraphQL.Tests", "src\Practices.GraphQL.Tests\Practices.GraphQL.Tests.csproj", "{124DF591-4FF9-4943-927A-FBFF662263F4}"
EndProject
Global
	GlobalSection(SolutionConfigurationPlatforms) = preSolution
		Debug|Any CPU = Debug|Any CPU
		Release|Any CPU = Release|Any CPU
	EndGlobalSection
	GlobalSection(ProjectConfigurationPlatforms) = postSolution
		{247D7A92-DD5B-403E-9539-C1DDD8706342}.Debug|Any CPU.ActiveCfg = Debug|Any CPU
		{247D7A92-DD5B-403E-9539-C1DDD8706342}.Debug|Any CPU.Build.0 = Debug|Any CPU
		{247D7A92-DD5B-403E-9539-C1DDD8706342}.Release|Any CPU.ActiveCfg = Release|Any CPU
		{247D7A92-DD5B-403E-9539-C1DDD8706342}.Release|Any CPU.Build.0 = Release|Any CPU
		{A210F212-D317-4BA3-A9B8-73E8838423C1}.Debug|Any CPU.ActiveCfg = Debug|Any CPU
		{A210F212-D317-4BA3-A9B8-73E8838423C1}.Debug|Any CPU.Build.0 = Debug|Any CPU
		{A210F212-D317-4BA3-A9B8-73E8838423C1}.Release|Any CPU.ActiveCfg = Release|Any CPU
		{A210F212-D317-4BA3-A9B8-73E8838423C1}.Release|Any CPU.Build.0 = Release|Any CPU
		{6EA938EF-2770-4A6C-B57A-3BDCCE8ABE18}.Debug|Any CPU.ActiveCfg = Debug|Any CPU
		{6EA938EF-2770-4A6C-B57A-3BDCCE8ABE18}.Debug|Any CPU.Build.0 = Debug|Any CPU
		{6EA938EF-2770-4A6C-B57A-3BDCCE8ABE18}.Release|Any CPU.ActiveCfg = Release|Any CPU
		{6EA938EF-2770-4A6C-B57A-3BDCCE8ABE18}.Release|Any CPU.Build.0 = Release|Any CPU
		{30030C88-02A3-4445-92B6-3142EB4BB052}.Debug|Any CPU.ActiveCfg = Debug|Any CPU
		{30030C88-02A3-4445-92B6-3142EB4BB052}.Debug|Any CPU.Build.0 = Debug|Any CPU
		{30030C88-02A3-4445-92B6-3142EB4BB052}.Release|Any CPU.ActiveCfg = Release|Any CPU
		{30030C88-02A3-4445-92B6-3142EB4BB052}.Release|Any CPU.Build.0 = Release|Any CPU
		{7CA2374F-C11D-4008-985E-B5386D385D92}.Debug|Any CPU.ActiveCfg = Debug|Any CPU
		{7CA2374F-C11D-4008-985E-B5386D385D92}.Debug|Any CPU.Build.0 = Debug|Any CPU
		{7CA2374F-C11D-4008-985E-B5386D385D92}.Release|Any CPU.ActiveCfg = Release|Any CPU
		{7CA2374F-C11D-4008-985E-B5386D385D92}.Release|Any CPU.Build.0 = Release|Any CPU
		{2907E8F0-800C-4FC3-B794-6CB775A28552}.Debug|Any CPU.ActiveCfg = Debug|Any CPU
		{2907E8F0-800C-4FC3-B794-6CB775A28552}.Debug|Any CPU.Build.0 = Debug|Any CPU
		{2907E8F0-800C-4FC3-B794-6CB775A28552}.Release|Any CPU.ActiveCfg = Release|Any CPU
		{2907E8F0-800C-4FC3-B794-6CB775A28552}.Release|Any CPU.Build.0 = Release|Any CPU
		{E731578C-9BF0-4710-9A4B-981B8C6923B6}.Debug|Any CPU.ActiveCfg = Debug|Any CPU
		{E731578C-9BF0-4710-9A4B-981B8C6923B6}.Debug|Any CPU.Build.0 = Debug|Any CPU
		{E731578C-9BF0-4710-9A4B-981B8C6923B6}.Release|Any CPU.ActiveCfg = Release|Any CPU
		{E731578C-9BF0-4710-9A4B-981B8C6923B6}.Release|Any CPU.Build.0 = Release|Any CPU
		{689B6B61-7F7E-4723-858F-76D8580A382D}.Debug|Any CPU.ActiveCfg = Debug|Any CPU
		{689B6B61-7F7E-4723-858F-76D8580A382D}.Debug|Any CPU.Build.0 = Debug|Any CPU
		{689B6B61-7F7E-4723-858F-76D8580A382D}.Release|Any CPU.ActiveCfg = Release|Any CPU
		{689B6B61-7F7E-4723-858F-76D8580A382D}.Release|Any CPU.Build.0 = Release|Any CPU
		{F988AC23-3C24-424B-A05D-0EBA5C74D527}.Debug|Any CPU.ActiveCfg = Debug|Any CPU
		{F988AC23-3C24-424B-A05D-0EBA5C74D527}.Debug|Any CPU.Build.0 = Debug|Any CPU
		{F988AC23-3C24-424B-A05D-0EBA5C74D527}.Release|Any CPU.ActiveCfg = Release|Any CPU
		{F988AC23-3C24-424B-A05D-0EBA5C74D527}.Release|Any CPU.Build.0 = Release|Any CPU
		{8C68BD01-5C0B-4F92-AE9B-700639652828}.Debug|Any CPU.ActiveCfg = Debug|Any CPU
		{8C68BD01-5C0B-4F92-AE9B-700639652828}.Debug|Any CPU.Build.0 = Debug|Any CPU
		{8C68BD01-5C0B-4F92-AE9B-700639652828}.Release|Any CPU.ActiveCfg = Release|Any CPU
		{8C68BD01-5C0B-4F92-AE9B-700639652828}.Release|Any CPU.Build.0 = Release|Any CPU
		{124DF591-4FF9-4943-927A-FBFF662263F4}.Debug|Any CPU.ActiveCfg = Debug|Any CPU
		{124DF591-4FF9-4943-927A-FBFF662263F4}.Debug|Any CPU.Build.0 = Debug|Any CPU
		{124DF591-4FF9-4943-927A-FBFF662263F4}.Release|Any CPU.ActiveCfg = Release|Any CPU
		{124DF591-4FF9-4943-927A-FBFF662263F4}.Release|Any CPU.Build.0 = Release|Any CPU
	EndGlobalSection
	GlobalSection(SolutionProperties) = preSolution
		HideSolutionNode = FALSE
	EndGlobalSection
	GlobalSection(ExtensibilityGlobals) = postSolution
		SolutionGuid = {C42D0E20-D335-4B87-B207-A63A83D6FE8D}
	EndGlobalSection
	GlobalSection(NestedProjects) = preSolution
		{F5C5F6C4-A279-4B6A-BB82-D110B391E32A} = {E6A12FA0-DBD6-4925-AF2D-B03C5159F63A}
	EndGlobalSection
EndGlobal
